
Microsoft Visual Studio Solution File, Format Version 12.00
# Visual Studio Version 16
VisualStudioVersion = 16.0.31019.35
MinimumVisualStudioVersion = 10.0.40219.1
Project("{8BC9CEB8-8B4A-11D0-8D11-00A0C91BC942}") = "LAB 4 OOP", "LAB 4 OOP\LAB 4 OOP.vcxproj", "{2E2CF4A9-4DAD-43E5-9C6C-FF5AC1861C41}"
EndProject
Project("{8BC9CEB8-8B4A-11D0-8D11-00A0C91BC942}") = "ComplexTests", "ComplexTests\ComplexTests.vcxproj", "{12C7DAA8-3267-4D24-A252-816182B859A5}"
EndProject
Global
	GlobalSection(SolutionConfigurationPlatforms) = preSolution
		Debug|x64 = Debug|x64
		Debug|x86 = Debug|x86
		Release|x64 = Release|x64
		Release|x86 = Release|x86
	EndGlobalSection
	GlobalSection(ProjectConfigurationPlatforms) = postSolution
		{2E2CF4A9-4DAD-43E5-9C6C-FF5AC1861C41}.Debug|x64.ActiveCfg = Debug|x64
		{2E2CF4A9-4DAD-43E5-9C6C-FF5AC1861C41}.Debug|x64.Build.0 = Debug|x64
		{2E2CF4A9-4DAD-43E5-9C6C-FF5AC1861C41}.Debug|x86.ActiveCfg = Debug|Win32
		{2E2CF4A9-4DAD-43E5-9C6C-FF5AC1861C41}.Debug|x86.Build.0 = Debug|Win32
		{2E2CF4A9-4DAD-43E5-9C6C-FF5AC1861C41}.Release|x64.ActiveCfg = Release|x64
		{2E2CF4A9-4DAD-43E5-9C6C-FF5AC1861C41}.Release|x64.Build.0 = Release|x64
		{2E2CF4A9-4DAD-43E5-9C6C-FF5AC1861C41}.Release|x86.ActiveCfg = Release|Win32
		{2E2CF4A9-4DAD-43E5-9C6C-FF5AC1861C41}.Release|x86.Build.0 = Release|Win32
		{12C7DAA8-3267-4D24-A252-816182B859A5}.Debug|x64.ActiveCfg = Debug|x64
		{12C7DAA8-3267-4D24-A252-816182B859A5}.Debug|x64.Build.0 = Debug|x64
		{12C7DAA8-3267-4D24-A252-816182B859A5}.Debug|x86.ActiveCfg = Debug|Win32
		{12C7DAA8-3267-4D24-A252-816182B859A5}.Debug|x86.Build.0 = Debug|Win32
		{12C7DAA8-3267-4D24-A252-816182B859A5}.Release|x64.ActiveCfg = Release|x64
		{12C7DAA8-3267-4D24-A252-816182B859A5}.Release|x64.Build.0 = Release|x64
		{12C7DAA8-3267-4D24-A252-816182B859A5}.Release|x86.ActiveCfg = Release|Win32
		{12C7DAA8-3267-4D24-A252-816182B859A5}.Release|x86.Build.0 = Release|Win32
	EndGlobalSection
	GlobalSection(SolutionProperties) = preSolution
		HideSolutionNode = FALSE
	EndGlobalSection
	GlobalSection(ExtensibilityGlobals) = postSolution
		SolutionGuid = {7868A04F-6805-4E1F-A321-3DE4189B4C28}
	EndGlobalSection
EndGlobal
